
Microsoft Visual Studio Solution File, Format Version 12.00
# Visual Studio Version 17
VisualStudioVersion = 17.14.36401.2 d17.14
MinimumVisualStudioVersion = 10.0.40219.1
Project("{FAE04EC0-301F-11D3-BF4B-00C04F79EFBC}") = "LosNeteros.Web", "LosNeteros.Web\LosNeteros.Web.csproj", "{8C0C1EC9-0BBF-4121-99FB-A56F1FFE3EEA}"
EndProject
Global
	GlobalSection(SolutionConfigurationPlatforms) = preSolution
		Debug|Any CPU = Debug|Any CPU
		Release|Any CPU = Release|Any CPU
	EndGlobalSection
	GlobalSection(ProjectConfigurationPlatforms) = postSolution
		{8C0C1EC9-0BBF-4121-99FB-A56F1FFE3EEA}.Debug|Any CPU.ActiveCfg = Debug|Any CPU
		{8C0C1EC9-0BBF-4121-99FB-A56F1FFE3EEA}.Debug|Any CPU.Build.0 = Debug|Any CPU
		{8C0C1EC9-0BBF-4121-99FB-A56F1FFE3EEA}.Release|Any CPU.ActiveCfg = Release|Any CPU
		{8C0C1EC9-0BBF-4121-99FB-A56F1FFE3EEA}.Release|Any CPU.Build.0 = Release|Any CPU
	EndGlobalSection
	GlobalSection(SolutionProperties) = preSolution
		HideSolutionNode = FALSE
	EndGlobalSection
	GlobalSection(ExtensibilityGlobals) = postSolution
		SolutionGuid = {4F3CA986-3FC9-4218-923B-4BFE7CCC2F5C}
	EndGlobalSection
EndGlobal
